
Microsoft Visual Studio Solution File, Format Version 12.00
# Visual Studio Version 17
VisualStudioVersion = 17.1.32414.318
MinimumVisualStudioVersion = 10.0.40219.1
Project("{9A19103F-16F7-4668-BE54-9A1E7A4F7556}") = "Route256-3", "Route256-3.csproj", "{AB86FA71-D401-409D-AC4D-4D9131A0DCC0}"
EndProject
Global
	GlobalSection(SolutionConfigurationPlatforms) = preSolution
		Debug|Any CPU = Debug|Any CPU
		Release|Any CPU = Release|Any CPU
	EndGlobalSection
	GlobalSection(ProjectConfigurationPlatforms) = postSolution
		{AB86FA71-D401-409D-AC4D-4D9131A0DCC0}.Debug|Any CPU.ActiveCfg = Debug|Any CPU
		{AB86FA71-D401-409D-AC4D-4D9131A0DCC0}.Debug|Any CPU.Build.0 = Debug|Any CPU
		{AB86FA71-D401-409D-AC4D-4D9131A0DCC0}.Release|Any CPU.ActiveCfg = Release|Any CPU
		{AB86FA71-D401-409D-AC4D-4D9131A0DCC0}.Release|Any CPU.Build.0 = Release|Any CPU
	EndGlobalSection
	GlobalSection(SolutionProperties) = preSolution
		HideSolutionNode = FALSE
	EndGlobalSection
	GlobalSection(ExtensibilityGlobals) = postSolution
		SolutionGuid = {01D6602A-B00C-4B16-AD44-97F2517D67B2}
	EndGlobalSection
EndGlobal
